
Microsoft Visual Studio Solution File, Format Version 12.00
# Visual Studio Version 17
VisualStudioVersion = 17.2.32630.192
MinimumVisualStudioVersion = 10.0.40219.1
Project("{FAE04EC0-301F-11D3-BF4B-00C04F79EFBC}") = "WebApplicationTest", "WebApplicationTest\WebApplicationTest.csproj", "{19E21A15-262F-497C-8A16-01EF636B36B0}"
EndProject
Global
	GlobalSection(SolutionConfigurationPlatforms) = preSolution
		Debug|Any CPU = Debug|Any CPU
		Release|Any CPU = Release|Any CPU
	EndGlobalSection
	GlobalSection(ProjectConfigurationPlatforms) = postSolution
		{19E21A15-262F-497C-8A16-01EF636B36B0}.Debug|Any CPU.ActiveCfg = Debug|Any CPU
		{19E21A15-262F-497C-8A16-01EF636B36B0}.Debug|Any CPU.Build.0 = Debug|Any CPU
		{19E21A15-262F-497C-8A16-01EF636B36B0}.Release|Any CPU.ActiveCfg = Release|Any CPU
		{19E21A15-262F-497C-8A16-01EF636B36B0}.Release|Any CPU.Build.0 = Release|Any CPU
	EndGlobalSection
	GlobalSection(SolutionProperties) = preSolution
		HideSolutionNode = FALSE
	EndGlobalSection
	GlobalSection(ExtensibilityGlobals) = postSolution
		SolutionGuid = {B0BB920C-0987-49CA-97C5-E9B13983FC86}
	EndGlobalSection
EndGlobal
